Microsoft Visual Studio Solution File, Format Version 9.00
# Visual Studio 2005
Project("{8BC9CEB8-8B4A-11D0-8D11-00A0C91BC942}") = "CalvinDataFileExtractor", "CalvinDataFileExtractor.vcproj", "{74AF4B23-A0A9-40C6-85A4-F75EF63A6E13}"
EndProject
Global
	GlobalSection(SolutionConfigurationPlatforms) = preSolution
		Debug|Win32 = Debug|Win32
		Release|Win32 = Release|Win32
	EndGlobalSection
	GlobalSection(ProjectConfigurationPlatforms) = postSolution
		{74AF4B23-A0A9-40C6-85A4-F75EF63A6E13}.Debug|Win32.ActiveCfg = Debug|Win32
		{74AF4B23-A0A9-40C6-85A4-F75EF63A6E13}.Debug|Win32.Build.0 = Debug|Win32
		{74AF4B23-A0A9-40C6-85A4-F75EF63A6E13}.Release|Win32.ActiveCfg = Release|Win32
		{74AF4B23-A0A9-40C6-85A4-F75EF63A6E13}.Release|Win32.Build.0 = Release|Win32
	EndGlobalSection
	GlobalSection(SolutionProperties) = preSolution
		HideSolutionNode = FALSE
	EndGlobalSection
EndGlobal
